
Microsoft Visual Studio Solution File, Format Version 12.00
# Visual Studio Version 17
VisualStudioVersion = 17.14.36414.22 d17.14
MinimumVisualStudioVersion = 10.0.40219.1
Project("{FAE04EC0-301F-11D3-BF4B-00C04F79EFBC}") = "Practical_06", "Practical_06\Practical_06.csproj", "{C3ED08F9-537B-462E-839D-1B8A105663DD}"
EndProject
Global
	GlobalSection(SolutionConfigurationPlatforms) = preSolution
		Debug|Any CPU = Debug|Any CPU
		Release|Any CPU = Release|Any CPU
	EndGlobalSection
	GlobalSection(ProjectConfigurationPlatforms) = postSolution
		{C3ED08F9-537B-462E-839D-1B8A105663DD}.Debug|Any CPU.ActiveCfg = Debug|Any CPU
		{C3ED08F9-537B-462E-839D-1B8A105663DD}.Debug|Any CPU.Build.0 = Debug|Any CPU
		{C3ED08F9-537B-462E-839D-1B8A105663DD}.Release|Any CPU.ActiveCfg = Release|Any CPU
		{C3ED08F9-537B-462E-839D-1B8A105663DD}.Release|Any CPU.Build.0 = Release|Any CPU
	EndGlobalSection
	GlobalSection(SolutionProperties) = preSolution
		HideSolutionNode = FALSE
	EndGlobalSection
	GlobalSection(ExtensibilityGlobals) = postSolution
		SolutionGuid = {D29606B2-CE5A-48BC-A365-4F8FA5E845B3}
	EndGlobalSection
EndGlobal
